
Microsoft Visual Studio Solution File, Format Version 12.00
# Visual Studio 15
VisualStudioVersion = 15.0.27004.2009
MinimumVisualStudioVersion = 10.0.40219.1
Project("{FAE04EC0-301F-11D3-BF4B-00C04F79EFBC}") = "Aviasales", "Aviasales\Aviasales.csproj", "{0CAC52DD-C61B-4BEB-ABA8-0009EAF34B3A}"
EndProject
Global
	GlobalSection(SolutionConfigurationPlatforms) = preSolution
		Debug|Any CPU = Debug|Any CPU
		Release|Any CPU = Release|Any CPU
	EndGlobalSection
	GlobalSection(ProjectConfigurationPlatforms) = postSolution
		{0CAC52DD-C61B-4BEB-ABA8-0009EAF34B3A}.Debug|Any CPU.ActiveCfg = Debug|Any CPU
		{0CAC52DD-C61B-4BEB-ABA8-0009EAF34B3A}.Debug|Any CPU.Build.0 = Debug|Any CPU
		{0CAC52DD-C61B-4BEB-ABA8-0009EAF34B3A}.Release|Any CPU.ActiveCfg = Release|Any CPU
		{0CAC52DD-C61B-4BEB-ABA8-0009EAF34B3A}.Release|Any CPU.Build.0 = Release|Any CPU
	EndGlobalSection
	GlobalSection(SolutionProperties) = preSolution
		HideSolutionNode = FALSE
	EndGlobalSection
	GlobalSection(ExtensibilityGlobals) = postSolution
		SolutionGuid = {327E2B42-34D6-492D-B8FA-65419B30ED9F}
	EndGlobalSection
EndGlobal
